{
  "name": "repair-bdb",
  "version": "0.0.1",
  "lockfileVersion": 3,
  "requires": true,
  "packages": {
    "": {
      "name": "repair-bdb",
      "version": "0.0.1",
      "license": "MIT",
      "dependencies": {
        "bdb": "^1.4.0"
      }
    },
    "node_modules/bdb": {
      "version": "1.4.0",
      "resolved": "https://registry.npmjs.org/bdb/-/bdb-1.4.0.tgz",
      "integrity": "sha512-NjsvznNQSW419u/VlitEioAglJd44n6MrOI+6Rf9JqlyF6DQytBh8bwCT3axUw095aUlGtvoscJG3C56pIPQ7Q==",
      "hasInstallScript": true,
      "dependencies": {
        "bsert": "~0.0.10",
        "loady": "~0.0.5"
      },
      "engines": {
        "node": ">=8.6.0"
      }
    },
    "node_modules/bsert": {
      "version": "0.0.10",
      "resolved": "https://registry.npmjs.org/bsert/-/bsert-0.0.10.tgz",
      "integrity": "sha512-NHNwlac+WPy4t2LoNh8pXk8uaIGH3NSaIUbTTRXGpE2WEbq0te/tDykYHkFK57YKLPjv/aGHmbqvnGeVWDz57Q==",
      "engines": {
        "node": ">=8.0.0"
      }
    },
    "node_modules/loady": {
      "version": "0.0.5",
      "resolved": "https://registry.npmjs.org/loady/-/loady-0.0.5.tgz",
      "integrity": "sha512-uxKD2HIj042/HBx77NBcmEPsD+hxCgAtjEWlYNScuUjIsh/62Uyu39GOR68TBR68v+jqDL9zfftCWoUo4y03sQ==",
      "engines": {
        "node": ">=8.0.0"
      }
    }
  }
}
